
Microsoft Visual Studio Solution File, Format Version 12.00
# Visual Studio Version 16
VisualStudioVersion = 16.0.32602.291
MinimumVisualStudioVersion = 10.0.40219.1
Project("{8BC9CEB8-8B4A-11D0-8D11-00A0C91BC942}") = "Transformation", "Transformation.vcxproj", "{4759F048-FA11-4728-A6DF-0F8D17C04B64}"
EndProject
Global
	GlobalSection(SolutionConfigurationPlatforms) = preSolution
		Debug|x64 = Debug|x64
		Debug|x86 = Debug|x86
		Release|x64 = Release|x64
		Release|x86 = Release|x86
	EndGlobalSection
	GlobalSection(ProjectConfigurationPlatforms) = postSolution
		{4759F048-FA11-4728-A6DF-0F8D17C04B64}.Debug|x64.ActiveCfg = Debug|x64
		{4759F048-FA11-4728-A6DF-0F8D17C04B64}.Debug|x64.Build.0 = Debug|x64
		{4759F048-FA11-4728-A6DF-0F8D17C04B64}.Debug|x86.ActiveCfg = Debug|Win32
		{4759F048-FA11-4728-A6DF-0F8D17C04B64}.Debug|x86.Build.0 = Debug|Win32
		{4759F048-FA11-4728-A6DF-0F8D17C04B64}.Release|x64.ActiveCfg = Release|x64
		{4759F048-FA11-4728-A6DF-0F8D17C04B64}.Release|x64.Build.0 = Release|x64
		{4759F048-FA11-4728-A6DF-0F8D17C04B64}.Release|x86.ActiveCfg = Release|Win32
		{4759F048-FA11-4728-A6DF-0F8D17C04B64}.Release|x86.Build.0 = Release|Win32
	EndGlobalSection
	GlobalSection(SolutionProperties) = preSolution
		HideSolutionNode = FALSE
	EndGlobalSection
	GlobalSection(ExtensibilityGlobals) = postSolution
		SolutionGuid = {8AA61521-DD08-4469-BDEE-37A9D377A22C}
	EndGlobalSection
EndGlobal
